lockfileVersion: 5.4

specifiers:
  '@swc/core': ^1.2.204
  '@swc/jest': ^0.2.21

devDependencies:
  '@swc/core': 1.2.204
  '@swc/jest': 0.2.21_@swc+core@1.2.204

packages:

  /@jest/create-cache-key-function/27.5.1:
    resolution: {integrity: sha512-dmH1yW+makpTSURTy8VzdUwFnfQh1G8R+DxO2Ho2FFmBbKFEVm+3jWdvFhE2VqB/LATCTokkP0dotjyQyw5/AQ==}
    engines: {node: ^10.13.0 || ^12.13.0 || ^14.15.0 || >=15.0.0}
    dependencies:
      '@jest/types': 27.5.1
    dev: true

  /@jest/types/27.5.1:
    resolution: {integrity: sha512-Cx46iJ9QpwQTjIdq5VJu2QTMMs3QlEjI0x1QbBP5W1+nMzyc2XmimiRR/CbX9TO0cPTeUlxWMOu8mslYsJ8DEw==}
    engines: {node: ^10.13.0 || ^12.13.0 || ^14.15.0 || >=15.0.0}
    dependencies:
      '@types/istanbul-lib-coverage': 2.0.4
      '@types/istanbul-reports': 3.0.1
      '@types/node': 18.0.0
      '@types/yargs': 16.0.4
      chalk: 4.1.2
    dev: true

  /@swc/core-android-arm-eabi/1.2.204:
    resolution: {integrity: sha512-7f5wtQlTvqr1aW3Umb9juxE8zlAxk6i3m34Mr1wlfJlh7DkkFAxRXiPSz8Uleb7sGmdY7hukUu/o8ex5o/aCzg==}
    engines: {node: '>=10'}
    cpu: [arm]
    os: [android]
    requiresBuild: true
    dev: true
    optional: true

  /@swc/core-android-arm64/1.2.204:
    resolution: {integrity: sha512-MCbzyGmhVWhTqUVTSDdWGLBFo7cxlVAKuCMgh1XSIgFB/ys8sAAyCKWqoafx2H4hRl6pRRBAdym35zTpzIFotw==}
    engines: {node: '>=10'}
    cpu: [arm64]
    os: [android]
    requiresBuild: true
    dev: true
    optional: true

  /@swc/core-darwin-arm64/1.2.204:
    resolution: {integrity: sha512-DuBBKIyk0iUGPmq6RQc7/uOCkGnvB0JDWQbWxA2NGAEcK0ZtI9J0efG9M1/gLIb0QD+d2DVS5Lx7VRIUFTx9lA==}
    engines: {node: '>=10'}
    cpu: [arm64]
    os: [darwin]
    requiresBuild: true
    dev: true
    optional: true

  /@swc/core-darwin-x64/1.2.204:
    resolution: {integrity: sha512-WvDN6tRjQ/p+4gNvT4UVU4VyJLXy6hT4nT6mGgrtftG/9pP5dDPwwtTm86ISfqGUs8/LuZvrr4Nhwdr3j+0uAA==}
    engines: {node: '>=10'}
    cpu: [x64]
    os: [darwin]
    requiresBuild: true
    dev: true
    optional: true

  /@swc/core-freebsd-x64/1.2.204:
    resolution: {integrity: sha512-Ia0OyqYYzQkEYhCZJTNHpHqHQh8r6mifqGw7ZU7WMkVQRPxULM+sUL+u0a3J5dzYKX7ubwzq8HJAyBiCvuq5eg==}
    engines: {node: '>=10'}
    cpu: [x64]
    os: [freebsd]
    requiresBuild: true
    dev: true
    optional: true

  /@swc/core-linux-arm-gnueabihf/1.2.204:
    resolution: {integrity: sha512-WnL+wtwt1UEtCo8VN3BFiNshZxMyFes1rdNcanzlNbixyW9ESanfy6KGtmTVX6Cz2W6c+mr588kBFFu9Fqkd0w==}
    engines: {node: '>=10'}
    cpu: [arm]
    os: [linux]
    requiresBuild: true
    dev: true
    optional: true

  /@swc/core-linux-arm64-gnu/1.2.204:
    resolution: {integrity: sha512-oQBahskrbU+g0uEcQM0o9O47jHrMwgQ7f6htkWhYxbyyK392nGI+eH2zapNe0zvsfx3sSCIVmjLAvgBCNP9ygw==}
    engines: {node: '>=10'}
    cpu: [arm64]
    os: [linux]
    requiresBuild: true
    dev: true
    optional: true

  /@swc/core-linux-arm64-musl/1.2.204:
    resolution: {integrity: sha512-0vW6+M4yDEzqbJZU+7n+F5Oxwgjp14cNnraZF4wsAb27MXGi6vX9bLLbI5rSik1zYpKjOrLtCR0St8GtOC48Ew==}
    engines: {node: '>=10'}
    cpu: [arm64]
    os: [linux]
    requiresBuild: true
    dev: true
    optional: true

  /@swc/core-linux-x64-gnu/1.2.204:
    resolution: {integrity: sha512-6eco63idgYWPYrSpDeSE3tgh/4CC0hJz8cAO/M/f3azmCXvI+11isC60ic3UKeZ2QNXz3YbsX6CKAgBPSkkaVA==}
    engines: {node: '>=10'}
    cpu: [x64]
    os: [linux]
    requiresBuild: true
    dev: true
    optional: true

  /@swc/core-linux-x64-musl/1.2.204:
    resolution: {integrity: sha512-9wBiGghWhYCcXhDppzKM4a+vXldMoK3+XaSWvGw1lP+65B4ffsYXpDenEXqLV5W/i2iJ8Sbh2xN+EiKvTJBObw==}
    engines: {node: '>=10'}
    cpu: [x64]
    os: [linux]
    requiresBuild: true
    dev: true
    optional: true

  /@swc/core-win32-arm64-msvc/1.2.204:
    resolution: {integrity: sha512-h2CrN7D9hA7/tePtqmK8fxPBDORBUKFoF8Ouhbyd0XgWfDOEblJdviSp9oURR9bj7KH5mL2S+nCyv2lSZCtWKw==}
    engines: {node: '>=10'}
    cpu: [arm64]
    os: [win32]
    requiresBuild: true
    dev: true
    optional: true

  /@swc/core-win32-ia32-msvc/1.2.204:
    resolution: {integrity: sha512-703+aUSVTbSIQ9V8YeMgitpJiGLiN5Zxwku0dVbeztYYAJQQFHFi5sV6igbvCXKi26Mqs9kps0QO/pi5DWPrsg==}
    engines: {node: '>=10'}
    cpu: [ia32]
    os: [win32]
    requiresBuild: true
    dev: true
    optional: true

  /@swc/core-win32-x64-msvc/1.2.204:
    resolution: {integrity: sha512-gPfLEb5SbOaaRL7yxB+qXwSxXb+rsc3hXEUaxhOk5JAv8Yfi1f8nlTMNMlxKkf6/Tc3MRkFNr973GrwTtMvN4g==}
    engines: {node: '>=10'}
    cpu: [x64]
    os: [win32]
    requiresBuild: true
    dev: true
    optional: true

  /@swc/core/1.2.204:
    resolution: {integrity: sha512-aCaHwmT4P8ZzA5xr0YE8cRKYQmONazCPj3M5yKN644PLeolZL3Eog5heoEiZQYDdZzoPkGNgOu9J8zit0KF5Ig==}
    engines: {node: '>=10'}
    hasBin: true
    optionalDependencies:
      '@swc/core-android-arm-eabi': 1.2.204
      '@swc/core-android-arm64': 1.2.204
      '@swc/core-darwin-arm64': 1.2.204
      '@swc/core-darwin-x64': 1.2.204
      '@swc/core-freebsd-x64': 1.2.204
      '@swc/core-linux-arm-gnueabihf': 1.2.204
      '@swc/core-linux-arm64-gnu': 1.2.204
      '@swc/core-linux-arm64-musl': 1.2.204
      '@swc/core-linux-x64-gnu': 1.2.204
      '@swc/core-linux-x64-musl': 1.2.204
      '@swc/core-win32-arm64-msvc': 1.2.204
      '@swc/core-win32-ia32-msvc': 1.2.204
      '@swc/core-win32-x64-msvc': 1.2.204
    dev: true

  /@swc/jest/0.2.21_@swc+core@1.2.204:
    resolution: {integrity: sha512-/+NcExiZbxXANNhNPnIdFuGq62CeumulLS1bngwqIXd8H7d96LFUfrYzdt8tlTwLMel8tFtQ5aRjzVkyOTyPDw==}
    engines: {npm: '>= 7.0.0'}
    peerDependencies:
      '@swc/core': '*'
    dependencies:
      '@jest/create-cache-key-function': 27.5.1
      '@swc/core': 1.2.204
    dev: true

  /@types/istanbul-lib-coverage/2.0.4:
    resolution: {integrity: sha512-z/QT1XN4K4KYuslS23k62yDIDLwLFkzxOuMplDtObz0+y7VqJCaO2o+SPwHCvLFZh7xazvvoor2tA/hPz9ee7g==}
    dev: true

  /@types/istanbul-lib-report/3.0.0:
    resolution: {integrity: sha512-plGgXAPfVKFoYfa9NpYDAkseG+g6Jr294RqeqcqDixSbU34MZVJRi/P+7Y8GDpzkEwLaGZZOpKIEmeVZNtKsrg==}
    dependencies:
      '@types/istanbul-lib-coverage': 2.0.4
    dev: true

  /@types/istanbul-reports/3.0.1:
    resolution: {integrity: sha512-c3mAZEuK0lvBp8tmuL74XRKn1+y2dcwOUpH7x4WrF6gk1GIgiluDRgMYQtw2OFcBvAJWlt6ASU3tSqxp0Uu0Aw==}
    dependencies:
      '@types/istanbul-lib-report': 3.0.0
    dev: true

  /@types/node/18.0.0:
    resolution: {integrity: sha512-cHlGmko4gWLVI27cGJntjs/Sj8th9aYwplmZFwmmgYQQvL5NUsgVJG7OddLvNfLqYS31KFN0s3qlaD9qCaxACA==}
    dev: true

  /@types/yargs-parser/21.0.0:
    resolution: {integrity: sha512-iO9ZQHkZxHn4mSakYV0vFHAVDyEOIJQrV2uZ06HxEPcx+mt8swXoZHIbaaJ2crJYFfErySgktuTZ3BeLz+XmFA==}
    dev: true

  /@types/yargs/16.0.4:
    resolution: {integrity: sha512-T8Yc9wt/5LbJyCaLiHPReJa0kApcIgJ7Bn735GjItUfh08Z1pJvu8QZqb9s+mMvKV6WUQRV7K2R46YbjMXTTJw==}
    dependencies:
      '@types/yargs-parser': 21.0.0
    dev: true

  /ansi-styles/4.3.0:
    resolution: {integrity: sha512-zbB9rCJAT1rbjiVDb2hqKFHNYLxgtk8NURxZ3IZwD3F6NtxbXZQCnnSi1Lkx+IDohdPlFp222wVALIheZJQSEg==}
    engines: {node: '>=8'}
    dependencies:
      color-convert: 2.0.1
    dev: true

  /chalk/4.1.2:
    resolution: {integrity: sha512-oKnbhFyRIXpUuez8iBMmyEa4nbj4IOQyuhc/wy9kY7/WVPcwIO9VA668Pu8RkO7+0G76SLROeyw9CpQ061i4mA==}
    engines: {node: '>=10'}
    dependencies:
      ansi-styles: 4.3.0
      supports-color: 7.2.0
    dev: true

  /color-convert/2.0.1:
    resolution: {integrity: sha512-RRECPsj7iu/xb5oKYcsFHSppFNnsj/52OVTRKb4zP5onXwVF3zVmmToNcOfGC+CRDpfK/U584fMg38ZHCaElKQ==}
    engines: {node: '>=7.0.0'}
    dependencies:
      color-name: 1.1.4
    dev: true

  /color-name/1.1.4:
    resolution: {integrity: sha512-dOy+3AuW3a2wNbZHIuMZpTcgjGuLU/uBL/ubcZF9OXbDo8ff4O8yVp5Bf0efS8uEoYo5q4Fx7dY9OgQGXgAsQA==}
    dev: true

  /has-flag/4.0.0:
    resolution: {integrity: sha512-EykJT/Q1KjTWctppgIAgfSO0tKVuZUjhgMr17kqTumMl6Afv3EISleU7qZUzoXDFTAHTDC4NOoG/ZxU3EvlMPQ==}
    engines: {node: '>=8'}
    dev: true

  /supports-color/7.2.0:
    resolution: {integrity: sha512-qpCAvRl9stuOHveKsn7HncJRvv501qIacKzQlO/+Lwxc9+0q2wLyv4Dfvt80/DPn2pqOBsJdDiogXGR9+OvwRw==}
    engines: {node: '>=8'}
    dependencies:
      has-flag: 4.0.0
    dev: true
